// !$*UTF8*$!
{
	archiveVersion = 1;
	classes = {
	};
	objectVersion = 50;
	objects = {

/* Begin PBXBuildFile section */
		A08129DE22B82AD900EAC5BB /* AppDelegate.m in Sources */ = {isa = PBXBuildFile; fileRef = A08129DD22B82AD900EAC5BB /* AppDelegate.m */; };
		A08129E422B82AD900EAC5BB /* Main.storyboard in Resources */ = {isa = PBXBuildFile; fileRef = A08129E222B82AD900EAC5BB /* Main.storyboard */; };
		A08129E622B82ADA00EAC5BB /* Assets.xcassets in Resources */ = {isa = PBXBuildFile; fileRef = A08129E522B82ADA00EAC5BB /* Assets.xcassets */; };
		A08129E922B82ADA00EAC5BB /* LaunchScreen.storyboard in Resources */ = {isa = PBXBuildFile; fileRef = A08129E722B82ADA00EAC5BB /* LaunchScreen.storyboard */; };
		A08129EC22B82ADA00EAC5BB /* main.m in Sources */ = {isa = PBXBuildFile; fileRef = A08129EB22B82ADA00EAC5BB /* main.m */; };
		A08129F722B82C8800EAC5BB /* RootTableViewController.m in Sources */ = {isa = PBXBuildFile; fileRef = A08129F622B82C8800EAC5BB /* RootTableViewController.m */; };
		A08129FD22B82E0B00EAC5BB /* ImageCell.m in Sources */ = {isa = PBXBuildFile; fileRef = A08129FC22B82E0B00EAC5BB /* ImageCell.m */; };
		A0812A0022B82E3600EAC5BB /* DetailsViewController.m in Sources */ = {isa = PBXBuildFile; fileRef = A08129FF22B82E3600EAC5BB /* DetailsViewController.m */; };
		A0812A0322B82F2A00EAC5BB /* RKImage.m in Sources */ = {isa = PBXBuildFile; fileRef = A0812A0222B82F2A00EAC5BB /* RKImage.m */; };
		A0812A0F22B8D42E00EAC5BB /* DataSource.m in Sources */ = {isa = PBXBuildFile; fileRef = A0812A0E22B8D42E00EAC5BB /* DataSource.m */; };
		A0812A1222B918A600EAC5BB /* UIImage+AspectRatio.m in Sources */ = {isa = PBXBuildFile; fileRef = A0812A1122B918A600EAC5BB /* UIImage+AspectRatio.m */; };
/* End PBXBuildFile section */

/* Begin PBXFileReference section */
		A08129D922B82AD900EAC5BB /* Task3.app */ = {isa = PBXFileReference; explicitFileType = wrapper.application; includeInIndex = 0; path = Task3.app; sourceTree = BUILT_PRODUCTS_DIR; };
		A08129DC22B82AD900EAC5BB /* AppDelegate.h */ = {isa = PBXFileReference; lastKnownFileType = sourcecode.c.h; path = AppDelegate.h; sourceTree = "<group>"; };
		A08129DD22B82AD900EAC5BB /* AppDelegate.m */ = {isa = PBXFileReference; lastKnownFileType = sourcecode.c.objc; path = AppDelegate.m; sourceTree = "<group>"; };
		A08129E322B82AD900EAC5BB /* Base */ = {isa = PBXFileReference; lastKnownFileType = file.storyboard; name = Base; path = Base.lproj/Main.storyboard; sourceTree = "<group>"; };
		A08129E522B82ADA00EAC5BB /* Assets.xcassets */ = {isa = PBXFileReference; lastKnownFileType = folder.assetcatalog; path = Assets.xcassets; sourceTree = "<group>"; };
		A08129E822B82ADA00EAC5BB /* Base */ = {isa = PBXFileReference; lastKnownFileType = file.storyboard; name = Base; path = Base.lproj/LaunchScreen.storyboard; sourceTree = "<group>"; };
		A08129EA22B82ADA00EAC5BB /* Info.plist */ = {isa = PBXFileReference; lastKnownFileType = text.plist.xml; path = Info.plist; sourceTree = "<group>"; };
		A08129EB22B82ADA00EAC5BB /* main.m */ = {isa = PBXFileReference; lastKnownFileType = sourcecode.c.objc; path = main.m; sourceTree = "<group>"; };
		A08129F522B82C8800EAC5BB /* RootTableViewController.h */ = {isa = PBXFileReference; lastKnownFileType = sourcecode.c.h; path = RootTableViewController.h; sourceTree = "<group>"; };
		A08129F622B82C8800EAC5BB /* RootTableViewController.m */ = {isa = PBXFileReference; lastKnownFileType = sourcecode.c.objc; path = RootTableViewController.m; sourceTree = "<group>"; };
		A08129FB22B82E0B00EAC5BB /* ImageCell.h */ = {isa = PBXFileReference; lastKnownFileType = sourcecode.c.h; path = ImageCell.h; sourceTree = "<group>"; };
		A08129FC22B82E0B00EAC5BB /* ImageCell.m */ = {isa = PBXFileReference; lastKnownFileType = sourcecode.c.objc; path = ImageCell.m; sourceTree = "<group>"; };
		A08129FE22B82E3600EAC5BB /* DetailsViewController.h */ = {isa = PBXFileReference; lastKnownFileType = sourcecode.c.h; path = DetailsViewController.h; sourceTree = "<group>"; };
		A08129FF22B82E3600EAC5BB /* DetailsViewController.m */ = {isa = PBXFileReference; lastKnownFileType = sourcecode.c.objc; path = DetailsViewController.m; sourceTree = "<group>"; };
		A0812A0122B82F2A00EAC5BB /* RKImage.h */ = {isa = PBXFileReference; lastKnownFileType = sourcecode.c.h; path = RKImage.h; sourceTree = "<group>"; };
		A0812A0222B82F2A00EAC5BB /* RKImage.m */ = {isa = PBXFileReference; lastKnownFileType = sourcecode.c.objc; path = RKImage.m; sourceTree = "<group>"; };
		A0812A0D22B8D42E00EAC5BB /* DataSource.h */ = {isa = PBXFileReference; lastKnownFileType = sourcecode.c.h; path = DataSource.h; sourceTree = "<group>"; };
		A0812A0E22B8D42E00EAC5BB /* DataSource.m */ = {isa = PBXFileReference; lastKnownFileType = sourcecode.c.objc; path = DataSource.m; sourceTree = "<group>"; };
		A0812A1022B918A600EAC5BB /* UIImage+AspectRatio.h */ = {isa = PBXFileReference; lastKnownFileType = sourcecode.c.h; path = "UIImage+AspectRatio.h"; sourceTree = "<group>"; };
		A0812A1122B918A600EAC5BB /* UIImage+AspectRatio.m */ = {isa = PBXFileReference; lastKnownFileType = sourcecode.c.objc; path = "UIImage+AspectRatio.m"; sourceTree = "<group>"; };
/* End PBXFileReference section */

/* Begin PBXFrameworksBuildPhase section */
		A08129D622B82AD900EAC5BB /* Frameworks */ = {
			isa = PBXFrameworksBuildPhase;
			buildActionMask = 2147483647;
			files = (
			);
			runOnlyForDeploymentPostprocessing = 0;
		};
/* End PBXFrameworksBuildPhase section */

/* Begin PBXGroup section */
		A08129D022B82AD900EAC5BB = {
			isa = PBXGroup;
			children = (
				A08129DB22B82AD900EAC5BB /* Task3 */,
				A08129DA22B82AD900EAC5BB /* Products */,
			);
			sourceTree = "<group>";
		};
		A08129DA22B82AD900EAC5BB /* Products */ = {
			isa = PBXGroup;
			children = (
				A08129D922B82AD900EAC5BB /* Task3.app */,
			);
			name = Products;
			sourceTree = "<group>";
		};
		A08129DB22B82AD900EAC5BB /* Task3 */ = {
			isa = PBXGroup;
			children = (
				A08129DC22B82AD900EAC5BB /* AppDelegate.h */,
				A08129DD22B82AD900EAC5BB /* AppDelegate.m */,
				A08129F522B82C8800EAC5BB /* RootTableViewController.h */,
				A08129F622B82C8800EAC5BB /* RootTableViewController.m */,
				A08129FE22B82E3600EAC5BB /* DetailsViewController.h */,
				A08129FF22B82E3600EAC5BB /* DetailsViewController.m */,
				A0812A0122B82F2A00EAC5BB /* RKImage.h */,
				A0812A0222B82F2A00EAC5BB /* RKImage.m */,
				A08129FB22B82E0B00EAC5BB /* ImageCell.h */,
				A08129FC22B82E0B00EAC5BB /* ImageCell.m */,
				A0812A0D22B8D42E00EAC5BB /* DataSource.h */,
				A0812A0E22B8D42E00EAC5BB /* DataSource.m */,
				A08129E522B82ADA00EAC5BB /* Assets.xcassets */,
				A08129E722B82ADA00EAC5BB /* LaunchScreen.storyboard */,
				A08129E222B82AD900EAC5BB /* Main.storyboard */,
				A08129EA22B82ADA00EAC5BB /* Info.plist */,
				A08129EB22B82ADA00EAC5BB /* main.m */,
				A0812A1022B918A600EAC5BB /* UIImage+AspectRatio.h */,
				A0812A1122B918A600EAC5BB /* UIImage+AspectRatio.m */,
			);
			path = Task3;
			sourceTree = "<group>";
		};
/* End PBXGroup section */

/* Begin PBXNativeTarget section */
		A08129D822B82AD900EAC5BB /* Task3 */ = {
			isa = PBXNativeTarget;
			buildConfigurationList = A08129EF22B82ADA00EAC5BB /* Build configuration list for PBXNativeTarget "Task3" */;
			buildPhases = (
				A08129D522B82AD900EAC5BB /* Sources */,
				A08129D622B82AD900EAC5BB /* Frameworks */,
				A08129D722B82AD900EAC5BB /* Resources */,
			);
			buildRules = (
			);
			dependencies = (
			);
			name = Task3;
			productName = Task3;
			productReference = A08129D922B82AD900EAC5BB /* Task3.app */;
			productType = "com.apple.product-type.application";
		};
/* End PBXNativeTarget section */

/* Begin PBXProject section */
		A08129D122B82AD900EAC5BB /* Project object */ = {
			isa = PBXProject;
			attributes = {
				LastUpgradeCheck = 1020;
				ORGANIZATIONNAME = Roman;
				TargetAttributes = {
					A08129D822B82AD900EAC5BB = {
						CreatedOnToolsVersion = 10.2.1;
					};
				};
			};
			buildConfigurationList = A08129D422B82AD900EAC5BB /* Build configuration list for PBXProject "Task3" */;
			compatibilityVersion = "Xcode 9.3";
			developmentRegion = en;
			hasScannedForEncodings = 0;
			knownRegions = (
				en,
				Base,
			);
			mainGroup = A08129D022B82AD900EAC5BB;
			productRefGroup = A08129DA22B82AD900EAC5BB /* Products */;
			projectDirPath = "";
			projectRoot = "";
			targets = (
				A08129D822B82AD900EAC5BB /* Task3 */,
			);
		};
/* End PBXProject section */

/* Begin PBXResourcesBuildPhase section */
		A08129D722B82AD900EAC5BB /* Resources */ = {
			isa = PBXResourcesBuildPhase;
			buildActionMask = 2147483647;
			files = (
				A08129E922B82ADA00EAC5BB /* LaunchScreen.storyboard in Resources */,
				A08129E622B82ADA00EAC5BB /* Assets.xcassets in Resources */,
				A08129E422B82AD900EAC5BB /* Main.storyboard in Resources */,
			);
			runOnlyForDeploymentPostprocessing = 0;
		};
/* End PBXResourcesBuildPhase section */

/* Begin PBXSourcesBuildPhase section */
		A08129D522B82AD900EAC5BB /* Sources */ = {
			isa = PBXSourcesBuildPhase;
			buildActionMask = 2147483647;
			files = (
				A08129FD22B82E0B00EAC5BB /* ImageCell.m in Sources */,
				A0812A0022B82E3600EAC5BB /* DetailsViewController.m in Sources */,
				A0812A0322B82F2A00EAC5BB /* RKImage.m in Sources */,
				A0812A1222B918A600EAC5BB /* UIImage+AspectRatio.m in Sources */,
				A08129F722B82C8800EAC5BB /* RootTableViewController.m in Sources */,
				A0812A0F22B8D42E00EAC5BB /* DataSource.m in Sources */,
				A08129EC22B82ADA00EAC5BB /* main.m in Sources */,
				A08129DE22B82AD900EAC5BB /* AppDelegate.m in Sources */,
			);
			runOnlyForDeploymentPostprocessing = 0;
		};
/* End PBXSourcesBuildPhase section */

/* Begin PBXVariantGroup section */
		A08129E222B82AD900EAC5BB /* Main.storyboard */ = {
			isa = PBXVariantGroup;
			children = (
				A08129E322B82AD900EAC5BB /* Base */,
			);
			name = Main.storyboard;
			sourceTree = "<group>";
		};
		A08129E722B82ADA00EAC5BB /* LaunchScreen.storyboard */ = {
			isa = PBXVariantGroup;
			children = (
				A08129E822B82ADA00EAC5BB /* Base */,
			);
			name = LaunchScreen.storyboard;
			sourceTree = "<group>";
		};
/* End PBXVariantGroup section */

/* Begin XCBuildConfiguration section */
		A08129ED22B82ADA00EAC5BB /* Debug */ = {
			isa = XCBuildConfiguration;
			buildSettings = {
				ALWAYS_SEARCH_USER_PATHS = NO;
				CLANG_ANALYZER_NONNULL = YES;
				CLANG_ANALYZER_NUMBER_OBJECT_CONVERSION = YES_AGGRESSIVE;
				CLANG_CXX_LANGUAGE_STANDARD = "gnu++14";
				CLANG_CXX_LIBRARY = "libc++";
				CLANG_ENABLE_MODULES = YES;
				CLANG_ENABLE_OBJC_ARC = YES;
				CLANG_ENABLE_OBJC_WEAK = YES;
				CLANG_WARN_BLOCK_CAPTURE_AUTORELEASING = YES;
				CLANG_WARN_BOOL_CONVERSION = YES;
				CLANG_WARN_COMMA = YES;
				CLANG_WARN_CONSTANT_CONVERSION = YES;
				CLANG_WARN_DEPRECATED_OBJC_IMPLEMENTATIONS = YES;
				CLANG_WARN_DIRECT_OBJC_ISA_USAGE = YES_ERROR;
				CLANG_WARN_DOCUMENTATION_COMMENTS = YES;
				CLANG_WARN_EMPTY_BODY = YES;
				CLANG_WARN_ENUM_CONVERSION = YES;
				CLANG_WARN_INFINITE_RECURSION = YES;
				CLANG_WARN_INT_CONVERSION = YES;
				CLANG_WARN_NON_LITERAL_NULL_CONVERSION = YES;
				CLANG_WARN_OBJC_IMPLICIT_RETAIN_SELF = YES;
				CLANG_WARN_OBJC_LITERAL_CONVERSION = YES;
				CLANG_WARN_OBJC_ROOT_CLASS = YES_ERROR;
				CLANG_WARN_RANGE_LOOP_ANALYSIS = YES;
				CLANG_WARN_STRICT_PROTOTYPES = YES;
				CLANG_WARN_SUSPICIOUS_MOVE = YES;
				CLANG_WARN_UNGUARDED_AVAILABILITY = YES_AGGRESSIVE;
				CLANG_WARN_UNREACHABLE_CODE = YES;
				CLANG_WARN__DUPLICATE_METHOD_MATCH = YES;
				CODE_SIGN_IDENTITY = "iPhone Developer";
				COPY_PHASE_STRIP = NO;
				DEBUG_INFORMATION_FORMAT = dwarf;
				ENABLE_STRICT_OBJC_MSGSEND = YES;
				ENABLE_TESTABILITY = YES;
				GCC_C_LANGUAGE_STANDARD = gnu11;
				GCC_DYNAMIC_NO_PIC = NO;
				GCC_NO_COMMON_BLOCKS = YES;
				GCC_OPTIMIZATION_LEVEL = 0;
				GCC_PREPROCESSOR_DEFINITIONS = (
					"DEBUG=1",
					"$(inherited)",
				);
				GCC_WARN_64_TO_32_BIT_CONVERSION = YES;
				GCC_WARN_ABOUT_RETURN_TYPE = YES_ERROR;
				GCC_WARN_UNDECLARED_SELECTOR = YES;
				GCC_WARN_UNINITIALIZED_AUTOS = YES_AGGRESSIVE;
				GCC_WARN_UNUSED_FUNCTION = YES;
				GCC_WARN_UNUSED_VARIABLE = YES;
				IPHONEOS_DEPLOYMENT_TARGET = 12.2;
				MTL_ENABLE_DEBUG_INFO = INCLUDE_SOURCE;
				MTL_FAST_MATH = YES;
				ONLY_ACTIVE_ARCH = YES;
				SDKROOT = iphoneos;
			};
			name = Debug;
		};
		A08129EE22B82ADA00EAC5BB /* Release */ = {
			isa = XCBuildConfiguration;
			buildSettings = {
				ALWAYS_SEARCH_USER_PATHS = NO;
				CLANG_ANALYZER_NONNULL = YES;
				CLANG_ANALYZER_NUMBER_OBJECT_CONVERSION = YES_AGGRESSIVE;
				CLANG_CXX_LANGUAGE_STANDARD = "gnu++14";
				CLANG_CXX_LIBRARY = "libc++";
				CLANG_ENABLE_MODULES = YES;
				CLANG_ENABLE_OBJC_ARC = YES;
				CLANG_ENABLE_OBJC_WEAK = YES;
				CLANG_WARN_BLOCK_CAPTURE_AUTORELEASING = YES;
				CLANG_WARN_BOOL_CONVERSION = YES;
				CLANG_WARN_COMMA = YES;
				CLANG_WARN_CONSTANT_CONVERSION = YES;
				CLANG_WARN_DEPRECATED_OBJC_IMPLEMENTATIONS = YES;
				CLANG_WARN_DIRECT_OBJC_ISA_USAGE = YES_ERROR;
				CLANG_WARN_DOCUMENTATION_COMMENTS = YES;
				CLANG_WARN_EMPTY_BODY = YES;
				CLANG_WARN_ENUM_CONVERSION = YES;
				CLANG_WARN_INFINITE_RECURSION = YES;
				CLANG_WARN_INT_CONVERSION = YES;
				CLANG_WARN_NON_LITERAL_NULL_CONVERSION = YES;
				CLANG_WARN_OBJC_IMPLICIT_RETAIN_SELF = YES;
				CLANG_WARN_OBJC_LITERAL_CONVERSION = YES;
				CLANG_WARN_OBJC_ROOT_CLASS = YES_ERROR;
				CLANG_WARN_RANGE_LOOP_ANALYSIS = YES;
				CLANG_WARN_STRICT_PROTOTYPES = YES;
				CLANG_WARN_SUSPICIOUS_MOVE = YES;
				CLANG_WARN_UNGUARDED_AVAILABILITY = YES_AGGRESSIVE;
				CLANG_WARN_UNREACHABLE_CODE = YES;
				CLANG_WARN__DUPLICATE_METHOD_MATCH = YES;
				CODE_SIGN_IDENTITY = "iPhone Developer";
				COPY_PHASE_STRIP = NO;
				DEBUG_INFORMATION_FORMAT = "dwarf-with-dsym";
				ENABLE_NS_ASSERTIONS = NO;
				ENABLE_STRICT_OBJC_MSGSEND = YES;
				GCC_C_LANGUAGE_STANDARD = gnu11;
				GCC_NO_COMMON_BLOCKS = YES;
				GCC_WARN_64_TO_32_BIT_CONVERSION = YES;
				GCC_WARN_ABOUT_RETURN_TYPE = YES_ERROR;
				GCC_WARN_UNDECLARED_SELECTOR = YES;
				GCC_WARN_UNINITIALIZED_AUTOS = YES_AGGRESSIVE;
				GCC_WARN_UNUSED_FUNCTION = YES;
				GCC_WARN_UNUSED_VARIABLE = YES;
				IPHONEOS_DEPLOYMENT_TARGET = 12.2;
				MTL_ENABLE_DEBUG_INFO = NO;
				MTL_FAST_MATH = YES;
				SDKROOT = iphoneos;
				VALIDATE_PRODUCT = YES;
			};
			name = Release;
		};
		A08129F022B82ADA00EAC5BB /* Debug */ = {
			isa = XCBuildConfiguration;
			buildSettings = {
				ASSETCATALOG_COMPILER_APPICON_NAME = AppIcon;
				CODE_SIGN_STYLE = Automatic;
				DEVELOPMENT_TEAM = HJSF27K7R5;
				INFOPLIST_FILE = Task3/Info.plist;
				LD_RUNPATH_SEARCH_PATHS = (
					"$(inherited)",
					"@executable_path/Frameworks",
				);
				PRODUCT_BUNDLE_IDENTIFIER = KananovichRoman.Task3;
				PRODUCT_NAME = "$(TARGET_NAME)";
				TARGETED_DEVICE_FAMILY = "1,2";
			};
			name = Debug;
		};
		A08129F122B82ADA00EAC5BB /* Release */ = {
			isa = XCBuildConfiguration;
			buildSettings = {
				ASSETCATALOG_COMPILER_APPICON_NAME = AppIcon;
				CODE_SIGN_STYLE = Automatic;
				DEVELOPMENT_TEAM = HJSF27K7R5;
				INFOPLIST_FILE = Task3/Info.plist;
				LD_RUNPATH_SEARCH_PATHS = (
					"$(inherited)",
					"@executable_path/Frameworks",
				);
				PRODUCT_BUNDLE_IDENTIFIER = KananovichRoman.Task3;
				PRODUCT_NAME = "$(TARGET_NAME)";
				TARGETED_DEVICE_FAMILY = "1,2";
			};
			name = Release;
		};
/* End XCBuildConfiguration section */

/* Begin XCConfigurationList section */
		A08129D422B82AD900EAC5BB /* Build configuration list for PBXProject "Task3" */ = {
			isa = XCConfigurationList;
			buildConfigurations = (
				A08129ED22B82ADA00EAC5BB /* Debug */,
				A08129EE22B82ADA00EAC5BB /* Release */,
			);
			defaultConfigurationIsVisible = 0;
			defaultConfigurationName = Release;
		};
		A08129EF22B82ADA00EAC5BB /* Build configuration list for PBXNativeTarget "Task3" */ = {
			isa = XCConfigurationList;
			buildConfigurations = (
				A08129F022B82ADA00EAC5BB /* Debug */,
				A08129F122B82ADA00EAC5BB /* Release */,
			);
			defaultConfigurationIsVisible = 0;
			defaultConfigurationName = Release;
		};
/* End XCConfigurationList section */
	};
	rootObject = A08129D122B82AD900EAC5BB /* Project object */;
}
